
Microsoft Visual Studio Solution File, Format Version 12.00
# Visual Studio Version 17
VisualStudioVersion = 17.0.32112.339
MinimumVisualStudioVersion = 10.0.40219.1
Project("{9A19103F-16F7-4668-BE54-9A1E7A4F7556}") = "RC6", "CryptographyLabs\RC6.csproj", "{601BB6C0-2AEA-4303-90B1-AE2682917ED1}"
EndProject
Project("{FAE04EC0-301F-11D3-BF4B-00C04F79EFBC}") = "SHA1", "SHA1\SHA1.csproj", "{2EF23CBA-FBDF-4ECC-83AE-CB38A195BAB7}"
EndProject
Global
	GlobalSection(SolutionConfigurationPlatforms) = preSolution
		Debug|Any CPU = Debug|Any CPU
		Release|Any CPU = Release|Any CPU
	EndGlobalSection
	GlobalSection(ProjectConfigurationPlatforms) = postSolution
		{601BB6C0-2AEA-4303-90B1-AE2682917ED1}.Debug|Any CPU.ActiveCfg = Debug|Any CPU
		{601BB6C0-2AEA-4303-90B1-AE2682917ED1}.Debug|Any CPU.Build.0 = Debug|Any CPU
		{601BB6C0-2AEA-4303-90B1-AE2682917ED1}.Release|Any CPU.ActiveCfg = Release|Any CPU
		{601BB6C0-2AEA-4303-90B1-AE2682917ED1}.Release|Any CPU.Build.0 = Release|Any CPU
		{2EF23CBA-FBDF-4ECC-83AE-CB38A195BAB7}.Debug|Any CPU.ActiveCfg = Debug|Any CPU
		{2EF23CBA-FBDF-4ECC-83AE-CB38A195BAB7}.Debug|Any CPU.Build.0 = Debug|Any CPU
		{2EF23CBA-FBDF-4ECC-83AE-CB38A195BAB7}.Release|Any CPU.ActiveCfg = Release|Any CPU
		{2EF23CBA-FBDF-4ECC-83AE-CB38A195BAB7}.Release|Any CPU.Build.0 = Release|Any CPU
	EndGlobalSection
	GlobalSection(SolutionProperties) = preSolution
		HideSolutionNode = FALSE
	EndGlobalSection
	GlobalSection(ExtensibilityGlobals) = postSolution
		SolutionGuid = {0452B886-7AD9-4E1C-949B-1EE31768BD9F}
	EndGlobalSection
EndGlobal
