
Microsoft Visual Studio Solution File, Format Version 12.00
# Visual Studio Version 16
VisualStudioVersion = 16.0.31624.102
MinimumVisualStudioVersion = 10.0.40219.1
Project("{9A19103F-16F7-4668-BE54-9A1E7A4F7556}") = "Cloud_Lab2", "Cloud_Lab2.csproj", "{D3408747-24B6-4666-9107-E4145C165EBF}"
EndProject
Global
	GlobalSection(SolutionConfigurationPlatforms) = preSolution
		Debug|Any CPU = Debug|Any CPU
		Release|Any CPU = Release|Any CPU
	EndGlobalSection
	GlobalSection(ProjectConfigurationPlatforms) = postSolution
		{D3408747-24B6-4666-9107-E4145C165EBF}.Debug|Any CPU.ActiveCfg = Release|Any CPU
		{D3408747-24B6-4666-9107-E4145C165EBF}.Debug|Any CPU.Build.0 = Release|Any CPU
		{D3408747-24B6-4666-9107-E4145C165EBF}.Release|Any CPU.ActiveCfg = Release|Any CPU
		{D3408747-24B6-4666-9107-E4145C165EBF}.Release|Any CPU.Build.0 = Release|Any CPU
	EndGlobalSection
	GlobalSection(SolutionProperties) = preSolution
		HideSolutionNode = FALSE
	EndGlobalSection
	GlobalSection(ExtensibilityGlobals) = postSolution
		SolutionGuid = {8CC5D142-5DEE-4B10-AF5B-45B4F8CDEB6F}
	EndGlobalSection
EndGlobal
